
Microsoft Visual Studio Solution File, Format Version 12.00
# Visual Studio 14
VisualStudioVersion = 14.0.22310.1
MinimumVisualStudioVersion = 10.0.40219.1
Project("{262852C6-CD72-467D-83FE-5EEB1973A190}") = "Chat.Client", "Chat.Client\Chat.Client.jsproj", "{A7369E30-80D6-4412-9E3B-445695CCF040}"
EndProject
Project("{9092AA53-FB77-4645-B42D-1CCCA6BD08BD}") = "Chat.Server", "Chat.Server\Chat.Server.njsproj", "{038C187F-95F4-46E7-91AB-DC6465713E35}"
EndProject
Global
	GlobalSection(SolutionConfigurationPlatforms) = preSolution
		Debug|Android = Debug|Android
		Debug|Any CPU = Debug|Any CPU
		Debug|iOS = Debug|iOS
		Debug|Windows Phone (Universal) = Debug|Windows Phone (Universal)
		Debug|Windows Phone 8 = Debug|Windows Phone 8
		Debug|Windows-AnyCPU = Debug|Windows-AnyCPU
		Debug|Windows-ARM = Debug|Windows-ARM
		Debug|Windows-x64 = Debug|Windows-x64
		Debug|Windows-x86 = Debug|Windows-x86
		Distribution|Android = Distribution|Android
		Distribution|Any CPU = Distribution|Any CPU
		Distribution|iOS = Distribution|iOS
		Distribution|Windows Phone (Universal) = Distribution|Windows Phone (Universal)
		Distribution|Windows Phone 8 = Distribution|Windows Phone 8
		Distribution|Windows-AnyCPU = Distribution|Windows-AnyCPU
		Distribution|Windows-ARM = Distribution|Windows-ARM
		Distribution|Windows-x64 = Distribution|Windows-x64
		Distribution|Windows-x86 = Distribution|Windows-x86
		Release|Android = Release|Android
		Release|Any CPU = Release|Any CPU
		Release|iOS = Release|iOS
		Release|Windows Phone (Universal) = Release|Windows Phone (Universal)
		Release|Windows Phone 8 = Release|Windows Phone 8
		Release|Windows-AnyCPU = Release|Windows-AnyCPU
		Release|Windows-ARM = Release|Windows-ARM
		Release|Windows-x64 = Release|Windows-x64
		Release|Windows-x86 = Release|Windows-x86
	EndGlobalSection
	GlobalSection(ProjectConfigurationPlatforms) = postSolution
		{A7369E30-80D6-4412-9E3B-445695CCF040}.Debug|Android.ActiveCfg = Debug|Android
		{A7369E30-80D6-4412-9E3B-445695CCF040}.Debug|Android.Build.0 = Debug|Android
		{A7369E30-80D6-4412-9E3B-445695CCF040}.Debug|Android.Deploy.0 = Debug|Android
		{A7369E30-80D6-4412-9E3B-445695CCF040}.Debug|Any CPU.ActiveCfg = Debug|Android
		{A7369E30-80D6-4412-9E3B-445695CCF040}.Debug|iOS.ActiveCfg = Debug|iOS
		{A7369E30-80D6-4412-9E3B-445695CCF040}.Debug|iOS.Build.0 = Debug|iOS
		{A7369E30-80D6-4412-9E3B-445695CCF040}.Debug|iOS.Deploy.0 = Debug|iOS
		{A7369E30-80D6-4412-9E3B-445695CCF040}.Debug|Windows Phone (Universal).ActiveCfg = Debug|Windows Phone (Universal)
		{A7369E30-80D6-4412-9E3B-445695CCF040}.Debug|Windows Phone (Universal).Build.0 = Debug|Windows Phone (Universal)
		{A7369E30-80D6-4412-9E3B-445695CCF040}.Debug|Windows Phone (Universal).Deploy.0 = Debug|Windows Phone (Universal)
		{A7369E30-80D6-4412-9E3B-445695CCF040}.Debug|Windows Phone 8.ActiveCfg = Debug|Windows Phone 8
		{A7369E30-80D6-4412-9E3B-445695CCF040}.Debug|Windows Phone 8.Build.0 = Debug|Windows Phone 8
		{A7369E30-80D6-4412-9E3B-445695CCF040}.Debug|Windows Phone 8.Deploy.0 = Debug|Windows Phone 8
		{A7369E30-80D6-4412-9E3B-445695CCF040}.Debug|Windows-AnyCPU.ActiveCfg = Debug|Windows-AnyCPU
		{A7369E30-80D6-4412-9E3B-445695CCF040}.Debug|Windows-AnyCPU.Build.0 = Debug|Windows-AnyCPU
		{A7369E30-80D6-4412-9E3B-445695CCF040}.Debug|Windows-AnyCPU.Deploy.0 = Debug|Windows-AnyCPU
		{A7369E30-80D6-4412-9E3B-445695CCF040}.Debug|Windows-ARM.ActiveCfg = Debug|Windows-ARM
		{A7369E30-80D6-4412-9E3B-445695CCF040}.Debug|Windows-ARM.Build.0 = Debug|Windows-ARM
		{A7369E30-80D6-4412-9E3B-445695CCF040}.Debug|Windows-ARM.Deploy.0 = Debug|Windows-ARM
		{A7369E30-80D6-4412-9E3B-445695CCF040}.Debug|Windows-x64.ActiveCfg = Debug|Windows-x64
		{A7369E30-80D6-4412-9E3B-445695CCF040}.Debug|Windows-x64.Build.0 = Debug|Windows-x64
		{A7369E30-80D6-4412-9E3B-445695CCF040}.Debug|Windows-x64.Deploy.0 = Debug|Windows-x64
		{A7369E30-80D6-4412-9E3B-445695CCF040}.Debug|Windows-x86.ActiveCfg = Debug|Windows-x86
		{A7369E30-80D6-4412-9E3B-445695CCF040}.Debug|Windows-x86.Build.0 = Debug|Windows-x86
		{A7369E30-80D6-4412-9E3B-445695CCF040}.Debug|Windows-x86.Deploy.0 = Debug|Windows-x86
		{A7369E30-80D6-4412-9E3B-445695CCF040}.Distribution|Android.ActiveCfg = Distribution|Android
		{A7369E30-80D6-4412-9E3B-445695CCF040}.Distribution|Android.Build.0 = Distribution|Android
		{A7369E30-80D6-4412-9E3B-445695CCF040}.Distribution|Android.Deploy.0 = Distribution|Android
		{A7369E30-80D6-4412-9E3B-445695CCF040}.Distribution|Any CPU.ActiveCfg = Distribution|Android
		{A7369E30-80D6-4412-9E3B-445695CCF040}.Distribution|iOS.ActiveCfg = Distribution|iOS
		{A7369E30-80D6-4412-9E3B-445695CCF040}.Distribution|iOS.Build.0 = Distribution|iOS
		{A7369E30-80D6-4412-9E3B-445695CCF040}.Distribution|iOS.Deploy.0 = Distribution|iOS
		{A7369E30-80D6-4412-9E3B-445695CCF040}.Distribution|Windows Phone (Universal).ActiveCfg = Distribution|Windows Phone (Universal)
		{A7369E30-80D6-4412-9E3B-445695CCF040}.Distribution|Windows Phone (Universal).Build.0 = Distribution|Windows Phone (Universal)
		{A7369E30-80D6-4412-9E3B-445695CCF040}.Distribution|Windows Phone (Universal).Deploy.0 = Distribution|Windows Phone (Universal)
		{A7369E30-80D6-4412-9E3B-445695CCF040}.Distribution|Windows Phone 8.ActiveCfg = Distribution|Windows Phone 8
		{A7369E30-80D6-4412-9E3B-445695CCF040}.Distribution|Windows Phone 8.Build.0 = Distribution|Windows Phone 8
		{A7369E30-80D6-4412-9E3B-445695CCF040}.Distribution|Windows Phone 8.Deploy.0 = Distribution|Windows Phone 8
		{A7369E30-80D6-4412-9E3B-445695CCF040}.Distribution|Windows-AnyCPU.ActiveCfg = Distribution|Windows-AnyCPU
		{A7369E30-80D6-4412-9E3B-445695CCF040}.Distribution|Windows-AnyCPU.Build.0 = Distribution|Windows-AnyCPU
		{A7369E30-80D6-4412-9E3B-445695CCF040}.Distribution|Windows-AnyCPU.Deploy.0 = Distribution|Windows-AnyCPU
		{A7369E30-80D6-4412-9E3B-445695CCF040}.Distribution|Windows-ARM.ActiveCfg = Distribution|Windows-ARM
		{A7369E30-80D6-4412-9E3B-445695CCF040}.Distribution|Windows-ARM.Build.0 = Distribution|Windows-ARM
		{A7369E30-80D6-4412-9E3B-445695CCF040}.Distribution|Windows-ARM.Deploy.0 = Distribution|Windows-ARM
		{A7369E30-80D6-4412-9E3B-445695CCF040}.Distribution|Windows-x64.ActiveCfg = Distribution|Windows-x64
		{A7369E30-80D6-4412-9E3B-445695CCF040}.Distribution|Windows-x64.Build.0 = Distribution|Windows-x64
		{A7369E30-80D6-4412-9E3B-445695CCF040}.Distribution|Windows-x64.Deploy.0 = Distribution|Windows-x64
		{A7369E30-80D6-4412-9E3B-445695CCF040}.Distribution|Windows-x86.ActiveCfg = Distribution|Windows-x86
		{A7369E30-80D6-4412-9E3B-445695CCF040}.Distribution|Windows-x86.Build.0 = Distribution|Windows-x86
		{A7369E30-80D6-4412-9E3B-445695CCF040}.Distribution|Windows-x86.Deploy.0 = Distribution|Windows-x86
		{A7369E30-80D6-4412-9E3B-445695CCF040}.Release|Android.ActiveCfg = Release|Android
		{A7369E30-80D6-4412-9E3B-445695CCF040}.Release|Android.Build.0 = Release|Android
		{A7369E30-80D6-4412-9E3B-445695CCF040}.Release|Android.Deploy.0 = Release|Android
		{A7369E30-80D6-4412-9E3B-445695CCF040}.Release|Any CPU.ActiveCfg = Release|Android
		{A7369E30-80D6-4412-9E3B-445695CCF040}.Release|iOS.ActiveCfg = Release|iOS
		{A7369E30-80D6-4412-9E3B-445695CCF040}.Release|iOS.Build.0 = Release|iOS
		{A7369E30-80D6-4412-9E3B-445695CCF040}.Release|iOS.Deploy.0 = Release|iOS
		{A7369E30-80D6-4412-9E3B-445695CCF040}.Release|Windows Phone (Universal).ActiveCfg = Release|Windows Phone (Universal)
		{A7369E30-80D6-4412-9E3B-445695CCF040}.Release|Windows Phone (Universal).Build.0 = Release|Windows Phone (Universal)
		{A7369E30-80D6-4412-9E3B-445695CCF040}.Release|Windows Phone (Universal).Deploy.0 = Release|Windows Phone (Universal)
		{A7369E30-80D6-4412-9E3B-445695CCF040}.Release|Windows Phone 8.ActiveCfg = Release|Windows Phone 8
		{A7369E30-80D6-4412-9E3B-445695CCF040}.Release|Windows Phone 8.Build.0 = Release|Windows Phone 8
		{A7369E30-80D6-4412-9E3B-445695CCF040}.Release|Windows Phone 8.Deploy.0 = Release|Windows Phone 8
		{A7369E30-80D6-4412-9E3B-445695CCF040}.Release|Windows-AnyCPU.ActiveCfg = Release|Windows-AnyCPU
		{A7369E30-80D6-4412-9E3B-445695CCF040}.Release|Windows-AnyCPU.Build.0 = Release|Windows-AnyCPU
		{A7369E30-80D6-4412-9E3B-445695CCF040}.Release|Windows-AnyCPU.Deploy.0 = Release|Windows-AnyCPU
		{A7369E30-80D6-4412-9E3B-445695CCF040}.Release|Windows-ARM.ActiveCfg = Release|Windows-ARM
		{A7369E30-80D6-4412-9E3B-445695CCF040}.Release|Windows-ARM.Build.0 = Release|Windows-ARM
		{A7369E30-80D6-4412-9E3B-445695CCF040}.Release|Windows-ARM.Deploy.0 = Release|Windows-ARM
		{A7369E30-80D6-4412-9E3B-445695CCF040}.Release|Windows-x64.ActiveCfg = Release|Windows-x64
		{A7369E30-80D6-4412-9E3B-445695CCF040}.Release|Windows-x64.Build.0 = Release|Windows-x64
		{A7369E30-80D6-4412-9E3B-445695CCF040}.Release|Windows-x64.Deploy.0 = Release|Windows-x64
		{A7369E30-80D6-4412-9E3B-445695CCF040}.Release|Windows-x86.ActiveCfg = Release|Windows-x86
		{A7369E30-80D6-4412-9E3B-445695CCF040}.Release|Windows-x86.Build.0 = Release|Windows-x86
		{A7369E30-80D6-4412-9E3B-445695CCF040}.Release|Windows-x86.Deploy.0 = Release|Windows-x86
		{038C187F-95F4-46E7-91AB-DC6465713E35}.Debug|Android.ActiveCfg = Debug|Any CPU
		{038C187F-95F4-46E7-91AB-DC6465713E35}.Debug|Android.Build.0 = Debug|Any CPU
		{038C187F-95F4-46E7-91AB-DC6465713E35}.Debug|Any CPU.ActiveCfg = Debug|Any CPU
		{038C187F-95F4-46E7-91AB-DC6465713E35}.Debug|Any CPU.Build.0 = Debug|Any CPU
		{038C187F-95F4-46E7-91AB-DC6465713E35}.Debug|iOS.ActiveCfg = Debug|Any CPU
		{038C187F-95F4-46E7-91AB-DC6465713E35}.Debug|iOS.Build.0 = Debug|Any CPU
		{038C187F-95F4-46E7-91AB-DC6465713E35}.Debug|Windows Phone (Universal).ActiveCfg = Debug|Any CPU
		{038C187F-95F4-46E7-91AB-DC6465713E35}.Debug|Windows Phone (Universal).Build.0 = Debug|Any CPU
		{038C187F-95F4-46E7-91AB-DC6465713E35}.Debug|Windows Phone 8.ActiveCfg = Debug|Any CPU
		{038C187F-95F4-46E7-91AB-DC6465713E35}.Debug|Windows Phone 8.Build.0 = Debug|Any CPU
		{038C187F-95F4-46E7-91AB-DC6465713E35}.Debug|Windows-AnyCPU.ActiveCfg = Debug|Any CPU
		{038C187F-95F4-46E7-91AB-DC6465713E35}.Debug|Windows-AnyCPU.Build.0 = Debug|Any CPU
		{038C187F-95F4-46E7-91AB-DC6465713E35}.Debug|Windows-ARM.ActiveCfg = Debug|Any CPU
		{038C187F-95F4-46E7-91AB-DC6465713E35}.Debug|Windows-ARM.Build.0 = Debug|Any CPU
		{038C187F-95F4-46E7-91AB-DC6465713E35}.Debug|Windows-x64.ActiveCfg = Debug|Any CPU
		{038C187F-95F4-46E7-91AB-DC6465713E35}.Debug|Windows-x64.Build.0 = Debug|Any CPU
		{038C187F-95F4-46E7-91AB-DC6465713E35}.Debug|Windows-x86.ActiveCfg = Debug|Any CPU
		{038C187F-95F4-46E7-91AB-DC6465713E35}.Debug|Windows-x86.Build.0 = Debug|Any CPU
		{038C187F-95F4-46E7-91AB-DC6465713E35}.Distribution|Android.ActiveCfg = Debug|Any CPU
		{038C187F-95F4-46E7-91AB-DC6465713E35}.Distribution|Android.Build.0 = Debug|Any CPU
		{038C187F-95F4-46E7-91AB-DC6465713E35}.Distribution|Any CPU.ActiveCfg = Debug|Any CPU
		{038C187F-95F4-46E7-91AB-DC6465713E35}.Distribution|Any CPU.Build.0 = Debug|Any CPU
		{038C187F-95F4-46E7-91AB-DC6465713E35}.Distribution|iOS.ActiveCfg = Debug|Any CPU
		{038C187F-95F4-46E7-91AB-DC6465713E35}.Distribution|iOS.Build.0 = Debug|Any CPU
		{038C187F-95F4-46E7-91AB-DC6465713E35}.Distribution|Windows Phone (Universal).ActiveCfg = Debug|Any CPU
		{038C187F-95F4-46E7-91AB-DC6465713E35}.Distribution|Windows Phone (Universal).Build.0 = Debug|Any CPU
		{038C187F-95F4-46E7-91AB-DC6465713E35}.Distribution|Windows Phone 8.ActiveCfg = Debug|Any CPU
		{038C187F-95F4-46E7-91AB-DC6465713E35}.Distribution|Windows Phone 8.Build.0 = Debug|Any CPU
		{038C187F-95F4-46E7-91AB-DC6465713E35}.Distribution|Windows-AnyCPU.ActiveCfg = Debug|Any CPU
		{038C187F-95F4-46E7-91AB-DC6465713E35}.Distribution|Windows-AnyCPU.Build.0 = Debug|Any CPU
		{038C187F-95F4-46E7-91AB-DC6465713E35}.Distribution|Windows-ARM.ActiveCfg = Debug|Any CPU
		{038C187F-95F4-46E7-91AB-DC6465713E35}.Distribution|Windows-ARM.Build.0 = Debug|Any CPU
		{038C187F-95F4-46E7-91AB-DC6465713E35}.Distribution|Windows-x64.ActiveCfg = Debug|Any CPU
		{038C187F-95F4-46E7-91AB-DC6465713E35}.Distribution|Windows-x64.Build.0 = Debug|Any CPU
		{038C187F-95F4-46E7-91AB-DC6465713E35}.Distribution|Windows-x86.ActiveCfg = Debug|Any CPU
		{038C187F-95F4-46E7-91AB-DC6465713E35}.Distribution|Windows-x86.Build.0 = Debug|Any CPU
		{038C187F-95F4-46E7-91AB-DC6465713E35}.Release|Android.ActiveCfg = Release|Any CPU
		{038C187F-95F4-46E7-91AB-DC6465713E35}.Release|Android.Build.0 = Release|Any CPU
		{038C187F-95F4-46E7-91AB-DC6465713E35}.Release|Any CPU.ActiveCfg = Release|Any CPU
		{038C187F-95F4-46E7-91AB-DC6465713E35}.Release|Any CPU.Build.0 = Release|Any CPU
		{038C187F-95F4-46E7-91AB-DC6465713E35}.Release|iOS.ActiveCfg = Release|Any CPU
		{038C187F-95F4-46E7-91AB-DC6465713E35}.Release|iOS.Build.0 = Release|Any CPU
		{038C187F-95F4-46E7-91AB-DC6465713E35}.Release|Windows Phone (Universal).ActiveCfg = Release|Any CPU
		{038C187F-95F4-46E7-91AB-DC6465713E35}.Release|Windows Phone (Universal).Build.0 = Release|Any CPU
		{038C187F-95F4-46E7-91AB-DC6465713E35}.Release|Windows Phone 8.ActiveCfg = Release|Any CPU
		{038C187F-95F4-46E7-91AB-DC6465713E35}.Release|Windows Phone 8.Build.0 = Release|Any CPU
		{038C187F-95F4-46E7-91AB-DC6465713E35}.Release|Windows-AnyCPU.ActiveCfg = Release|Any CPU
		{038C187F-95F4-46E7-91AB-DC6465713E35}.Release|Windows-AnyCPU.Build.0 = Release|Any CPU
		{038C187F-95F4-46E7-91AB-DC6465713E35}.Release|Windows-ARM.ActiveCfg = Release|Any CPU
		{038C187F-95F4-46E7-91AB-DC6465713E35}.Release|Windows-ARM.Build.0 = Release|Any CPU
		{038C187F-95F4-46E7-91AB-DC6465713E35}.Release|Windows-x64.ActiveCfg = Release|Any CPU
		{038C187F-95F4-46E7-91AB-DC6465713E35}.Release|Windows-x64.Build.0 = Release|Any CPU
		{038C187F-95F4-46E7-91AB-DC6465713E35}.Release|Windows-x86.ActiveCfg = Release|Any CPU
		{038C187F-95F4-46E7-91AB-DC6465713E35}.Release|Windows-x86.Build.0 = Release|Any CPU
	EndGlobalSection
	GlobalSection(SolutionProperties) = preSolution
		HideSolutionNode = FALSE
	EndGlobalSection
EndGlobal
